{
  "_comment": "Auto-generated by deepl sync. To resolve merge conflicts, accept either version and re-run deepl sync.",
  "version": 1,
  "generated_at": "2026-01-01T00:00:00.000Z",
  "source_locale": "en",
  "entries": {
    "locales/en.json": {
      "farewell": {
        "source_hash": "c015ad6ddaf8",
        "source_locale": "en",
        "updated_at": "2026-01-01T00:00:00.000Z",
        "translations": {
          "es": {
            "locale": "es",
            "hash": "es_farewell_h",
            "translated_at": "2026-01-01T00:00:00.000Z"
          },
          "fr": {
            "locale": "fr",
            "hash": "fr_farewell_h",
            "translated_at": "2026-01-01T00:00:00.000Z"
          }
        }
      },
      "greeting": {
        "source_hash": "185f8db32271",
        "source_locale": "en",
        "updated_at": "2026-01-01T00:00:00.000Z",
        "translations": {
          "es": {
            "locale": "es",
            "hash": "es_greeting_h",
            "translated_at": "2026-01-01T00:00:00.000Z"
          },
          "fr": {
            "locale": "fr",
            "hash": "fr_greeting_h",
            "translated_at": "2026-01-01T00:00:00.000Z"
          }
        }
      }
    }
  },
  "stats": {
    "total_keys": 2,
    "total_translations": 4,
    "last_sync": "2026-01-01T00:00:00.000Z"
  }
}
