{
  "_comment": "Auto-generated by deepl sync. To resolve merge conflicts, accept either version and re-run deepl sync.",
  "version": 1,
  "generated_at": "2026-01-01T00:00:00.000Z",
  "source_locale": "en",
  "entries": {
    "locales/en.json": {
      "old_key": {
        "source_hash": "702a34973f97",
        "source_locale": "en",
        "updated_at": "2026-01-01T00:00:00.000Z",
        "translations": {
          "es": {
            "locale": "es",
            "hash": "es_old_hash",
            "translated_at": "2026-01-01T00:00:00.000Z"
          }
        }
      }
    }
  },
  "stats": {
    "total_keys": 1,
    "total_translations": 1,
    "last_sync": "2026-01-01T00:00:00.000Z"
  }
}
